// !$*UTF8*$!
{
	archiveVersion = 1;
	classes = {
	};
	objectVersion = 56;
	objects = {

/* Begin PBXBuildFile section */
		194E763D2A12E73200C98E18 /* NetworkMonitor.swift in Sources */ = {isa = PBXBuildFile; fileRef = 194E763C2A12E73200C98E18 /* NetworkMonitor.swift */; };
		194E763F2A12E7CD00C98E18 /* MyRecipeDetailedView.swift in Sources */ = {isa = PBXBuildFile; fileRef = 194E763E2A12E7CD00C98E18 /* MyRecipeDetailedView.swift */; };
		194E76412A13030600C98E18 /* ImagePicker.swift in Sources */ = {isa = PBXBuildFile; fileRef = 194E76402A13030600C98E18 /* ImagePicker.swift */; };
		1963CAC52A030B2700BA7BF9 /* AddRecipeView.swift in Sources */ = {isa = PBXBuildFile; fileRef = 1963CAC42A030B2700BA7BF9 /* AddRecipeView.swift */; };
		1963CAD82A04450800BA7BF9 /* Recipe.xcdatamodeld in Sources */ = {isa = PBXBuildFile; fileRef = 1963CAD62A04450800BA7BF9 /* Recipe.xcdatamodeld */; };
		1963CADA2A04463300BA7BF9 /* Recipe+CoreDataProperties.swift in Sources */ = {isa = PBXBuildFile; fileRef = 1963CAD92A04463300BA7BF9 /* Recipe+CoreDataProperties.swift */; };
		1963CADC2A0446A800BA7BF9 /* Recipe+CoreDataClass.swift in Sources */ = {isa = PBXBuildFile; fileRef = 1963CADB2A0446A800BA7BF9 /* Recipe+CoreDataClass.swift */; };
		1963CADE2A04472900BA7BF9 /* Persistence.swift in Sources */ = {isa = PBXBuildFile; fileRef = 1963CADD2A04472900BA7BF9 /* Persistence.swift */; };
		1963CAE02A0452D100BA7BF9 /* MyRecipeView.swift in Sources */ = {isa = PBXBuildFile; fileRef = 1963CADF2A0452D100BA7BF9 /* MyRecipeView.swift */; };
		19DF30D929BA46FE00301B98 /* YumBookApp.swift in Sources */ = {isa = PBXBuildFile; fileRef = 19DF30D829BA46FE00301B98 /* YumBookApp.swift */; };
		19DF30DD29BA470000301B98 /* Assets.xcassets in Resources */ = {isa = PBXBuildFile; fileRef = 19DF30DC29BA470000301B98 /* Assets.xcassets */; };
		19DF30E029BA470000301B98 /* Preview Assets.xcassets in Resources */ = {isa = PBXBuildFile; fileRef = 19DF30DF29BA470000301B98 /* Preview Assets.xcassets */; };
		19DF30E929BA483F00301B98 /* ComicNeue-Regular.ttf in Resources */ = {isa = PBXBuildFile; fileRef = 19DF30E829BA483F00301B98 /* ComicNeue-Regular.ttf */; };
		19DF30EC29BA49A700301B98 /* CacheAsyncImage.swift in Sources */ = {isa = PBXBuildFile; fileRef = 19DF30EB29BA49A700301B98 /* CacheAsyncImage.swift */; };
		19DF30EE29BA49E400301B98 /* Constants.swift in Sources */ = {isa = PBXBuildFile; fileRef = 19DF30ED29BA49E400301B98 /* Constants.swift */; };
		19DF30F129BA4A1200301B98 /* CategoryModel.swift in Sources */ = {isa = PBXBuildFile; fileRef = 19DF30F029BA4A1200301B98 /* CategoryModel.swift */; };
		19DF30F329BA4A2100301B98 /* MealModel.swift in Sources */ = {isa = PBXBuildFile; fileRef = 19DF30F229BA4A2100301B98 /* MealModel.swift */; };
		19DF30F529BA4A2900301B98 /* MenuModel.swift in Sources */ = {isa = PBXBuildFile; fileRef = 19DF30F429BA4A2900301B98 /* MenuModel.swift */; };
		19DF310029BA4AA300301B98 /* APIError.swift in Sources */ = {isa = PBXBuildFile; fileRef = 19DF30FF29BA4AA300301B98 /* APIError.swift */; };
		19DF310229BA4AD100301B98 /* APIService.swift in Sources */ = {isa = PBXBuildFile; fileRef = 19DF310129BA4AD100301B98 /* APIService.swift */; };
		19DF310429BA4AE900301B98 /* APIServiceProtocol.swift in Sources */ = {isa = PBXBuildFile; fileRef = 19DF310329BA4AE900301B98 /* APIServiceProtocol.swift */; };
		19DF310629BA4AFE00301B98 /* NetworkManager.swift in Sources */ = {isa = PBXBuildFile; fileRef = 19DF310529BA4AFD00301B98 /* NetworkManager.swift */; };
		19DF310D29BA4BA900301B98 /* FavoriteViewModel.swift in Sources */ = {isa = PBXBuildFile; fileRef = 19DF310929BA4BA900301B98 /* FavoriteViewModel.swift */; };
		19DF310E29BA4BA900301B98 /* MealsViewModel.swift in Sources */ = {isa = PBXBuildFile; fileRef = 19DF310A29BA4BA900301B98 /* MealsViewModel.swift */; };
		19DF310F29BA4BA900301B98 /* MenuViewModel.swift in Sources */ = {isa = PBXBuildFile; fileRef = 19DF310B29BA4BA900301B98 /* MenuViewModel.swift */; };
		19DF311029BA4BA900301B98 /* CategoryViewModel.swift in Sources */ = {isa = PBXBuildFile; fileRef = 19DF310C29BA4BA900301B98 /* CategoryViewModel.swift */; };
		19DF311929BA4BE000301B98 /* DetailedMealView.swift in Sources */ = {isa = PBXBuildFile; fileRef = 19DF311229BA4BDF00301B98 /* DetailedMealView.swift */; };
		19DF311A29BA4BE000301B98 /* LaunchView.swift in Sources */ = {isa = PBXBuildFile; fileRef = 19DF311329BA4BDF00301B98 /* LaunchView.swift */; };
		19DF311B29BA4BE000301B98 /* TabViews.swift in Sources */ = {isa = PBXBuildFile; fileRef = 19DF311429BA4BDF00301B98 /* TabViews.swift */; };
		19DF311C29BA4BE000301B98 /* MenuView.swift in Sources */ = {isa = PBXBuildFile; fileRef = 19DF311529BA4BDF00301B98 /* MenuView.swift */; };
		19DF311D29BA4BE000301B98 /* IngredientsView.swift in Sources */ = {isa = PBXBuildFile; fileRef = 19DF311629BA4BDF00301B98 /* IngredientsView.swift */; };
		19DF311E29BA4BE000301B98 /* CategoryView.swift in Sources */ = {isa = PBXBuildFile; fileRef = 19DF311729BA4BE000301B98 /* CategoryView.swift */; };
		19DF311F29BA4BE000301B98 /* FavoriteView.swift in Sources */ = {isa = PBXBuildFile; fileRef = 19DF311829BA4BE000301B98 /* FavoriteView.swift */; };
		19DF312329BA4BFA00301B98 /* TextViews.swift in Sources */ = {isa = PBXBuildFile; fileRef = 19DF312129BA4BFA00301B98 /* TextViews.swift */; };
		19DF312429BA4BFA00301B98 /* ListRowView.swift in Sources */ = {isa = PBXBuildFile; fileRef = 19DF312229BA4BFA00301B98 /* ListRowView.swift */; };
		19DF312829BA4C1100301B98 /* ListRowImageView.swift in Sources */ = {isa = PBXBuildFile; fileRef = 19DF312629BA4C1100301B98 /* ListRowImageView.swift */; };
		19DF312929BA4C1100301B98 /* DetailedImageView.swift in Sources */ = {isa = PBXBuildFile; fileRef = 19DF312729BA4C1100301B98 /* DetailedImageView.swift */; };
		19DF314129BA53F200301B98 /* NetworkUnitTests.swift in Sources */ = {isa = PBXBuildFile; fileRef = 19DF312D29BA534E00301B98 /* NetworkUnitTests.swift */; };
		19DF314329BA540200301B98 /* Categories.json in Resources */ = {isa = PBXBuildFile; fileRef = 19DF314229BA540200301B98 /* Categories.json */; };
		19DF314529BA540B00301B98 /* FavoriteUnitTest.swift in Sources */ = {isa = PBXBuildFile; fileRef = 19DF314429BA540B00301B98 /* FavoriteUnitTest.swift */; };
		19DF314929BA54DD00301B98 /* JSONMapper.swift in Sources */ = {isa = PBXBuildFile; fileRef = 19DF314829BA54DD00301B98 /* JSONMapper.swift */; };
		19DF314B29BA54F300301B98 /* MockAPIService.swift in Sources */ = {isa = PBXBuildFile; fileRef = 19DF314A29BA54F300301B98 /* MockAPIService.swift */; };
		19DF314D29BA551600301B98 /* MockProtocol.swift in Sources */ = {isa = PBXBuildFile; fileRef = 19DF314C29BA551600301B98 /* MockProtocol.swift */; };
		19DF314E29BA553600301B98 /* MockAPIService.swift in Sources */ = {isa = PBXBuildFile; fileRef = 19DF314A29BA54F300301B98 /* MockAPIService.swift */; };
		19DF315129BA974B00301B98 /* APIError.swift in Sources */ = {isa = PBXBuildFile; fileRef = 19DF30FF29BA4AA300301B98 /* APIError.swift */; };
/* End PBXBuildFile section */

/* Begin PBXContainerItemProxy section */
		19DF313C29BA53E700301B98 /* PBXContainerItemProxy */ = {
			isa = PBXContainerItemProxy;
			containerPortal = 19DF30CD29BA46FE00301B98 /* Project object */;
			proxyType = 1;
			remoteGlobalIDString = 19DF30D429BA46FE00301B98;
			remoteInfo = YumBook;
		};
/* End PBXContainerItemProxy section */

/* Begin PBXFileReference section */
		194E763C2A12E73200C98E18 /* NetworkMonitor.swift */ = {isa = PBXFileReference; lastKnownFileType = sourcecode.swift; path = NetworkMonitor.swift; sourceTree = "<group>"; };
		194E763E2A12E7CD00C98E18 /* MyRecipeDetailedView.swift */ = {isa = PBXFileReference; lastKnownFileType = sourcecode.swift; path = MyRecipeDetailedView.swift; sourceTree = "<group>"; };
		194E76402A13030600C98E18 /* ImagePicker.swift */ = {isa = PBXFileReference; lastKnownFileType = sourcecode.swift; path = ImagePicker.swift; sourceTree = "<group>"; };
		1963CAC42A030B2700BA7BF9 /* AddRecipeView.swift */ = {isa = PBXFileReference; lastKnownFileType = sourcecode.swift; path = AddRecipeView.swift; sourceTree = "<group>"; };
		1963CAD72A04450800BA7BF9 /* Recipe.xcdatamodel */ = {isa = PBXFileReference; lastKnownFileType = wrapper.xcdatamodel; path = Recipe.xcdatamodel; sourceTree = "<group>"; };
		1963CAD92A04463300BA7BF9 /* Recipe+CoreDataProperties.swift */ = {isa = PBXFileReference; lastKnownFileType = sourcecode.swift; path = "Recipe+CoreDataProperties.swift"; sourceTree = "<group>"; };
		1963CADB2A0446A800BA7BF9 /* Recipe+CoreDataClass.swift */ = {isa = PBXFileReference; lastKnownFileType = sourcecode.swift; path = "Recipe+CoreDataClass.swift"; sourceTree = "<group>"; };
		1963CADD2A04472900BA7BF9 /* Persistence.swift */ = {isa = PBXFileReference; lastKnownFileType = sourcecode.swift; path = Persistence.swift; sourceTree = "<group>"; };
		1963CADF2A0452D100BA7BF9 /* MyRecipeView.swift */ = {isa = PBXFileReference; lastKnownFileType = sourcecode.swift; path = MyRecipeView.swift; sourceTree = "<group>"; };
		19DF30D529BA46FE00301B98 /* YumBook.app */ = {isa = PBXFileReference; explicitFileType = wrapper.application; includeInIndex = 0; path = YumBook.app; sourceTree = BUILT_PRODUCTS_DIR; };
		19DF30D829BA46FE00301B98 /* YumBookApp.swift */ = {isa = PBXFileReference; lastKnownFileType = sourcecode.swift; path = YumBookApp.swift; sourceTree = "<group>"; };
		19DF30DC29BA470000301B98 /* Assets.xcassets */ = {isa = PBXFileReference; lastKnownFileType = folder.assetcatalog; path = Assets.xcassets; sourceTree = "<group>"; };
		19DF30DF29BA470000301B98 /* Preview Assets.xcassets */ = {isa = PBXFileReference; lastKnownFileType = folder.assetcatalog; path = "Preview Assets.xcassets"; sourceTree = "<group>"; };
		19DF30E829BA483F00301B98 /* ComicNeue-Regular.ttf */ = {isa = PBXFileReference; lastKnownFileType = file; path = "ComicNeue-Regular.ttf"; sourceTree = "<group>"; };
		19DF30EB29BA49A700301B98 /* CacheAsyncImage.swift */ = {isa = PBXFileReference; lastKnownFileType = sourcecode.swift; path = CacheAsyncImage.swift; sourceTree = "<group>"; };
		19DF30ED29BA49E400301B98 /* Constants.swift */ = {isa = PBXFileReference; lastKnownFileType = sourcecode.swift; path = Constants.swift; sourceTree = "<group>"; };
		19DF30F029BA4A1200301B98 /* CategoryModel.swift */ = {isa = PBXFileReference; lastKnownFileType = sourcecode.swift; path = CategoryModel.swift; sourceTree = "<group>"; };
		19DF30F229BA4A2100301B98 /* MealModel.swift */ = {isa = PBXFileReference; lastKnownFileType = sourcecode.swift; path = MealModel.swift; sourceTree = "<group>"; };
		19DF30F429BA4A2900301B98 /* MenuModel.swift */ = {isa = PBXFileReference; lastKnownFileType = sourcecode.swift; path = MenuModel.swift; sourceTree = "<group>"; };
		19DF30FF29BA4AA300301B98 /* APIError.swift */ = {isa = PBXFileReference; lastKnownFileType = sourcecode.swift; path = APIError.swift; sourceTree = "<group>"; };
		19DF310129BA4AD100301B98 /* APIService.swift */ = {isa = PBXFileReference; lastKnownFileType = sourcecode.swift; path = APIService.swift; sourceTree = "<group>"; };
		19DF310329BA4AE900301B98 /* APIServiceProtocol.swift */ = {isa = PBXFileReference; lastKnownFileType = sourcecode.swift; path = APIServiceProtocol.swift; sourceTree = "<group>"; };
		19DF310529BA4AFD00301B98 /* NetworkManager.swift */ = {isa = PBXFileReference; lastKnownFileType = sourcecode.swift; path = NetworkManager.swift; sourceTree = "<group>"; };
		19DF310729BA4B3D00301B98 /* Info.plist */ = {isa = PBXFileReference; lastKnownFileType = text.plist; path = Info.plist; sourceTree = "<group>"; };
		19DF310929BA4BA900301B98 /* FavoriteViewModel.swift */ = {isa = PBXFileReference; fileEncoding = 4; lastKnownFileType = sourcecode.swift; path = FavoriteViewModel.swift; sourceTree = "<group>"; };
		19DF310A29BA4BA900301B98 /* MealsViewModel.swift */ = {isa = PBXFileReference; fileEncoding = 4; lastKnownFileType = sourcecode.swift; path = MealsViewModel.swift; sourceTree = "<group>"; };
		19DF310B29BA4BA900301B98 /* MenuViewModel.swift */ = {isa = PBXFileReference; fileEncoding = 4; lastKnownFileType = sourcecode.swift; path = MenuViewModel.swift; sourceTree = "<group>"; };
		19DF310C29BA4BA900301B98 /* CategoryViewModel.swift */ = {isa = PBXFileReference; fileEncoding = 4; lastKnownFileType = sourcecode.swift; path = CategoryViewModel.swift; sourceTree = "<group>"; };
		19DF311229BA4BDF00301B98 /* DetailedMealView.swift */ = {isa = PBXFileReference; fileEncoding = 4; lastKnownFileType = sourcecode.swift; path = DetailedMealView.swift; sourceTree = "<group>"; };
		19DF311329BA4BDF00301B98 /* LaunchView.swift */ = {isa = PBXFileReference; fileEncoding = 4; lastKnownFileType = sourcecode.swift; path = LaunchView.swift; sourceTree = "<group>"; };
		19DF311429BA4BDF00301B98 /* TabViews.swift */ = {isa = PBXFileReference; fileEncoding = 4; lastKnownFileType = sourcecode.swift; path = TabViews.swift; sourceTree = "<group>"; };
		19DF311529BA4BDF00301B98 /* MenuView.swift */ = {isa = PBXFileReference; fileEncoding = 4; lastKnownFileType = sourcecode.swift; path = MenuView.swift; sourceTree = "<group>"; };
		19DF311629BA4BDF00301B98 /* IngredientsView.swift */ = {isa = PBXFileReference; fileEncoding = 4; lastKnownFileType = sourcecode.swift; path = IngredientsView.swift; sourceTree = "<group>"; };
		19DF311729BA4BE000301B98 /* CategoryView.swift */ = {isa = PBXFileReference; fileEncoding = 4; lastKnownFileType = sourcecode.swift; path = CategoryView.swift; sourceTree = "<group>"; };
		19DF311829BA4BE000301B98 /* FavoriteView.swift */ = {isa = PBXFileReference; fileEncoding = 4; lastKnownFileType = sourcecode.swift; path = FavoriteView.swift; sourceTree = "<group>"; };
		19DF312129BA4BFA00301B98 /* TextViews.swift */ = {isa = PBXFileReference; fileEncoding = 4; lastKnownFileType = sourcecode.swift; path = TextViews.swift; sourceTree = "<group>"; };
		19DF312229BA4BFA00301B98 /* ListRowView.swift */ = {isa = PBXFileReference; fileEncoding = 4; lastKnownFileType = sourcecode.swift; path = ListRowView.swift; sourceTree = "<group>"; };
		19DF312629BA4C1100301B98 /* ListRowImageView.swift */ = {isa = PBXFileReference; fileEncoding = 4; lastKnownFileType = sourcecode.swift; path = ListRowImageView.swift; sourceTree = "<group>"; };
		19DF312729BA4C1100301B98 /* DetailedImageView.swift */ = {isa = PBXFileReference; fileEncoding = 4; lastKnownFileType = sourcecode.swift; path = DetailedImageView.swift; sourceTree = "<group>"; };
		19DF312D29BA534E00301B98 /* NetworkUnitTests.swift */ = {isa = PBXFileReference; fileEncoding = 4; lastKnownFileType = sourcecode.swift; path = NetworkUnitTests.swift; sourceTree = "<group>"; };
		19DF313829BA53E700301B98 /* YumBookTests.xctest */ = {isa = PBXFileReference; explicitFileType = wrapper.cfbundle; includeInIndex = 0; path = YumBookTests.xctest; sourceTree = BUILT_PRODUCTS_DIR; };
		19DF314229BA540200301B98 /* Categories.json */ = {isa = PBXFileReference; fileEncoding = 4; lastKnownFileType = text.json; path = Categories.json; sourceTree = "<group>"; };
		19DF314429BA540B00301B98 /* FavoriteUnitTest.swift */ = {isa = PBXFileReference; fileEncoding = 4; lastKnownFileType = sourcecode.swift; path = FavoriteUnitTest.swift; sourceTree = "<group>"; };
		19DF314829BA54DD00301B98 /* JSONMapper.swift */ = {isa = PBXFileReference; lastKnownFileType = sourcecode.swift; path = JSONMapper.swift; sourceTree = "<group>"; };
		19DF314A29BA54F300301B98 /* MockAPIService.swift */ = {isa = PBXFileReference; lastKnownFileType = sourcecode.swift; path = MockAPIService.swift; sourceTree = "<group>"; };
		19DF314C29BA551600301B98 /* MockProtocol.swift */ = {isa = PBXFileReference; lastKnownFileType = sourcecode.swift; path = MockProtocol.swift; sourceTree = "<group>"; };
/* End PBXFileReference section */

/* Begin PBXFrameworksBuildPhase section */
		19DF30D229BA46FE00301B98 /* Frameworks */ = {
			isa = PBXFrameworksBuildPhase;
			buildActionMask = 2147483647;
			files = (
			);
			runOnlyForDeploymentPostprocessing = 0;
		};
		19DF313529BA53E700301B98 /* Frameworks */ = {
			isa = PBXFrameworksBuildPhase;
			buildActionMask = 2147483647;
			files = (
			);
			runOnlyForDeploymentPostprocessing = 0;
		};
/* End PBXFrameworksBuildPhase section */

/* Begin PBXGroup section */
		1963CAD52A0444E600BA7BF9 /* CoreData */ = {
			isa = PBXGroup;
			children = (
				1963CAD62A04450800BA7BF9 /* Recipe.xcdatamodeld */,
				1963CAD92A04463300BA7BF9 /* Recipe+CoreDataProperties.swift */,
				1963CADB2A0446A800BA7BF9 /* Recipe+CoreDataClass.swift */,
				1963CADD2A04472900BA7BF9 /* Persistence.swift */,
			);
			path = CoreData;
			sourceTree = "<group>";
		};
		19DF30CC29BA46FE00301B98 = {
			isa = PBXGroup;
			children = (
				19DF30D729BA46FE00301B98 /* YumBook */,
				19DF313929BA53E700301B98 /* YumBookTests */,
				19DF30D629BA46FE00301B98 /* Products */,
			);
			sourceTree = "<group>";
		};
		19DF30D629BA46FE00301B98 /* Products */ = {
			isa = PBXGroup;
			children = (
				19DF30D529BA46FE00301B98 /* YumBook.app */,
				19DF313829BA53E700301B98 /* YumBookTests.xctest */,
			);
			name = Products;
			sourceTree = "<group>";
		};
		19DF30D729BA46FE00301B98 /* YumBook */ = {
			isa = PBXGroup;
			children = (
				19DF30E629BA47F300301B98 /* App */,
				19DF310729BA4B3D00301B98 /* Info.plist */,
				19DF30EA29BA498700301B98 /* Models */,
				19DF310829BA4B8500301B98 /* ViewModels */,
				19DF311129BA4BCB00301B98 /* Views */,
				19DF30DE29BA470000301B98 /* Preview Content */,
			);
			path = YumBook;
			sourceTree = "<group>";
		};
		19DF30DE29BA470000301B98 /* Preview Content */ = {
			isa = PBXGroup;
			children = (
				19DF30DF29BA470000301B98 /* Preview Assets.xcassets */,
			);
			path = "Preview Content";
			sourceTree = "<group>";
		};
		19DF30E629BA47F300301B98 /* App */ = {
			isa = PBXGroup;
			children = (
				19DF30D829BA46FE00301B98 /* YumBookApp.swift */,
				19DF30DC29BA470000301B98 /* Assets.xcassets */,
				19DF30E729BA480700301B98 /* Font */,
			);
			path = App;
			sourceTree = "<group>";
		};
		19DF30E729BA480700301B98 /* Font */ = {
			isa = PBXGroup;
			children = (
				19DF30E829BA483F00301B98 /* ComicNeue-Regular.ttf */,
			);
			path = Font;
			sourceTree = "<group>";
		};
		19DF30EA29BA498700301B98 /* Models */ = {
			isa = PBXGroup;
			children = (
				1963CAD52A0444E600BA7BF9 /* CoreData */,
				19DF30EB29BA49A700301B98 /* CacheAsyncImage.swift */,
				19DF30ED29BA49E400301B98 /* Constants.swift */,
				19DF30F629BA4A5C00301B98 /* Networking */,
				19DF30EF29BA49EF00301B98 /* Main */,
			);
			path = Models;
			sourceTree = "<group>";
		};
		19DF30EF29BA49EF00301B98 /* Main */ = {
			isa = PBXGroup;
			children = (
				19DF30F029BA4A1200301B98 /* CategoryModel.swift */,
				19DF30F229BA4A2100301B98 /* MealModel.swift */,
				19DF30F429BA4A2900301B98 /* MenuModel.swift */,
			);
			path = Main;
			sourceTree = "<group>";
		};
		19DF30F629BA4A5C00301B98 /* Networking */ = {
			isa = PBXGroup;
			children = (
				19DF30FF29BA4AA300301B98 /* APIError.swift */,
				19DF310129BA4AD100301B98 /* APIService.swift */,
				19DF310329BA4AE900301B98 /* APIServiceProtocol.swift */,
				19DF310529BA4AFD00301B98 /* NetworkManager.swift */,
				194E763C2A12E73200C98E18 /* NetworkMonitor.swift */,
			);
			path = Networking;
			sourceTree = "<group>";
		};
		19DF310829BA4B8500301B98 /* ViewModels */ = {
			isa = PBXGroup;
			children = (
				19DF310C29BA4BA900301B98 /* CategoryViewModel.swift */,
				19DF310929BA4BA900301B98 /* FavoriteViewModel.swift */,
				19DF310B29BA4BA900301B98 /* MenuViewModel.swift */,
				19DF310A29BA4BA900301B98 /* MealsViewModel.swift */,
			);
			path = ViewModels;
			sourceTree = "<group>";
		};
		19DF311129BA4BCB00301B98 /* Views */ = {
			isa = PBXGroup;
			children = (
				19DF311329BA4BDF00301B98 /* LaunchView.swift */,
				19DF311429BA4BDF00301B98 /* TabViews.swift */,
				19DF311729BA4BE000301B98 /* CategoryView.swift */,
				19DF311529BA4BDF00301B98 /* MenuView.swift */,
				19DF311229BA4BDF00301B98 /* DetailedMealView.swift */,
				1963CAC42A030B2700BA7BF9 /* AddRecipeView.swift */,
				194E76402A13030600C98E18 /* ImagePicker.swift */,
				1963CADF2A0452D100BA7BF9 /* MyRecipeView.swift */,
				194E763E2A12E7CD00C98E18 /* MyRecipeDetailedView.swift */,
				19DF311629BA4BDF00301B98 /* IngredientsView.swift */,
				19DF311829BA4BE000301B98 /* FavoriteView.swift */,
				19DF312029BA4BE800301B98 /* Templates */,
			);
			path = Views;
			sourceTree = "<group>";
		};
		19DF312029BA4BE800301B98 /* Templates */ = {
			isa = PBXGroup;
			children = (
				19DF312529BA4C0400301B98 /* Image */,
				19DF312229BA4BFA00301B98 /* ListRowView.swift */,
				19DF312129BA4BFA00301B98 /* TextViews.swift */,
			);
			path = Templates;
			sourceTree = "<group>";
		};
		19DF312529BA4C0400301B98 /* Image */ = {
			isa = PBXGroup;
			children = (
				19DF312729BA4C1100301B98 /* DetailedImageView.swift */,
				19DF312629BA4C1100301B98 /* ListRowImageView.swift */,
			);
			path = Image;
			sourceTree = "<group>";
		};
		19DF313929BA53E700301B98 /* YumBookTests */ = {
			isa = PBXGroup;
			children = (
				19DF312D29BA534E00301B98 /* NetworkUnitTests.swift */,
				19DF314429BA540B00301B98 /* FavoriteUnitTest.swift */,
				19DF314229BA540200301B98 /* Categories.json */,
				19DF314729BA549F00301B98 /* MockServer */,
			);
			path = YumBookTests;
			sourceTree = "<group>";
		};
		19DF314729BA549F00301B98 /* MockServer */ = {
			isa = PBXGroup;
			children = (
				19DF314829BA54DD00301B98 /* JSONMapper.swift */,
				19DF314A29BA54F300301B98 /* MockAPIService.swift */,
				19DF314C29BA551600301B98 /* MockProtocol.swift */,
			);
			path = MockServer;
			sourceTree = "<group>";
		};
/* End PBXGroup section */

/* Begin PBXNativeTarget section */
		19DF30D429BA46FE00301B98 /* YumBook */ = {
			isa = PBXNativeTarget;
			buildConfigurationList = 19DF30E329BA470000301B98 /* Build configuration list for PBXNativeTarget "YumBook" */;
			buildPhases = (
				19DF30D129BA46FE00301B98 /* Sources */,
				19DF30D229BA46FE00301B98 /* Frameworks */,
				19DF30D329BA46FE00301B98 /* Resources */,
			);
			buildRules = (
			);
			dependencies = (
			);
			name = YumBook;
			productName = YumBook;
			productReference = 19DF30D529BA46FE00301B98 /* YumBook.app */;
			productType = "com.apple.product-type.application";
		};
		19DF313729BA53E700301B98 /* YumBookTests */ = {
			isa = PBXNativeTarget;
			buildConfigurationList = 19DF313E29BA53E700301B98 /* Build configuration list for PBXNativeTarget "YumBookTests" */;
			buildPhases = (
				19DF313429BA53E700301B98 /* Sources */,
				19DF313529BA53E700301B98 /* Frameworks */,
				19DF313629BA53E700301B98 /* Resources */,
			);
			buildRules = (
			);
			dependencies = (
				19DF313D29BA53E700301B98 /* PBXTargetDependency */,
			);
			name = YumBookTests;
			productName = YumBookTests;
			productReference = 19DF313829BA53E700301B98 /* YumBookTests.xctest */;
			productType = "com.apple.product-type.bundle.unit-test";
		};
/* End PBXNativeTarget section */

/* Begin PBXProject section */
		19DF30CD29BA46FE00301B98 /* Project object */ = {
			isa = PBXProject;
			attributes = {
				BuildIndependentTargetsInParallel = 1;
				LastSwiftUpdateCheck = 1420;
				LastUpgradeCheck = 1420;
				TargetAttributes = {
					19DF30D429BA46FE00301B98 = {
						CreatedOnToolsVersion = 14.2;
					};
					19DF313729BA53E700301B98 = {
						CreatedOnToolsVersion = 14.2;
						TestTargetID = 19DF30D429BA46FE00301B98;
					};
				};
			};
			buildConfigurationList = 19DF30D029BA46FE00301B98 /* Build configuration list for PBXProject "YumBook" */;
			compatibilityVersion = "Xcode 14.0";
			developmentRegion = en;
			hasScannedForEncodings = 0;
			knownRegions = (
				en,
				Base,
			);
			mainGroup = 19DF30CC29BA46FE00301B98;
			productRefGroup = 19DF30D629BA46FE00301B98 /* Products */;
			projectDirPath = "";
			projectRoot = "";
			targets = (
				19DF30D429BA46FE00301B98 /* YumBook */,
				19DF313729BA53E700301B98 /* YumBookTests */,
			);
		};
/* End PBXProject section */

/* Begin PBXResourcesBuildPhase section */
		19DF30D329BA46FE00301B98 /* Resources */ = {
			isa = PBXResourcesBuildPhase;
			buildActionMask = 2147483647;
			files = (
				19DF30E029BA470000301B98 /* Preview Assets.xcassets in Resources */,
				19DF30DD29BA470000301B98 /* Assets.xcassets in Resources */,
				19DF30E929BA483F00301B98 /* ComicNeue-Regular.ttf in Resources */,
			);
			runOnlyForDeploymentPostprocessing = 0;
		};
		19DF313629BA53E700301B98 /* Resources */ = {
			isa = PBXResourcesBuildPhase;
			buildActionMask = 2147483647;
			files = (
				19DF314329BA540200301B98 /* Categories.json in Resources */,
			);
			runOnlyForDeploymentPostprocessing = 0;
		};
/* End PBXResourcesBuildPhase section */

/* Begin PBXSourcesBuildPhase section */
		19DF30D129BA46FE00301B98 /* Sources */ = {
			isa = PBXSourcesBuildPhase;
			buildActionMask = 2147483647;
			files = (
				19DF312429BA4BFA00301B98 /* ListRowView.swift in Sources */,
				19DF311029BA4BA900301B98 /* CategoryViewModel.swift in Sources */,
				19DF312329BA4BFA00301B98 /* TextViews.swift in Sources */,
				1963CAD82A04450800BA7BF9 /* Recipe.xcdatamodeld in Sources */,
				19DF311A29BA4BE000301B98 /* LaunchView.swift in Sources */,
				1963CADC2A0446A800BA7BF9 /* Recipe+CoreDataClass.swift in Sources */,
				1963CAE02A0452D100BA7BF9 /* MyRecipeView.swift in Sources */,
				19DF30F329BA4A2100301B98 /* MealModel.swift in Sources */,
				19DF30D929BA46FE00301B98 /* YumBookApp.swift in Sources */,
				19DF310229BA4AD100301B98 /* APIService.swift in Sources */,
				194E763F2A12E7CD00C98E18 /* MyRecipeDetailedView.swift in Sources */,
				1963CADA2A04463300BA7BF9 /* Recipe+CoreDataProperties.swift in Sources */,
				19DF310629BA4AFE00301B98 /* NetworkManager.swift in Sources */,
				19DF30F529BA4A2900301B98 /* MenuModel.swift in Sources */,
				19DF311B29BA4BE000301B98 /* TabViews.swift in Sources */,
				19DF310E29BA4BA900301B98 /* MealsViewModel.swift in Sources */,
				19DF30F129BA4A1200301B98 /* CategoryModel.swift in Sources */,
				194E76412A13030600C98E18 /* ImagePicker.swift in Sources */,
				19DF314E29BA553600301B98 /* MockAPIService.swift in Sources */,
				19DF311D29BA4BE000301B98 /* IngredientsView.swift in Sources */,
				19DF310429BA4AE900301B98 /* APIServiceProtocol.swift in Sources */,
				19DF312929BA4C1100301B98 /* DetailedImageView.swift in Sources */,
				19DF30EC29BA49A700301B98 /* CacheAsyncImage.swift in Sources */,
				19DF30EE29BA49E400301B98 /* Constants.swift in Sources */,
				194E763D2A12E73200C98E18 /* NetworkMonitor.swift in Sources */,
				19DF311E29BA4BE000301B98 /* CategoryView.swift in Sources */,
				19DF311C29BA4BE000301B98 /* MenuView.swift in Sources */,
				19DF311F29BA4BE000301B98 /* FavoriteView.swift in Sources */,
				19DF312829BA4C1100301B98 /* ListRowImageView.swift in Sources */,
				19DF310F29BA4BA900301B98 /* MenuViewModel.swift in Sources */,
				19DF311929BA4BE000301B98 /* DetailedMealView.swift in Sources */,
				19DF310029BA4AA300301B98 /* APIError.swift in Sources */,
				19DF310D29BA4BA900301B98 /* FavoriteViewModel.swift in Sources */,
				1963CAC52A030B2700BA7BF9 /* AddRecipeView.swift in Sources */,
				1963CADE2A04472900BA7BF9 /* Persistence.swift in Sources */,
			);
			runOnlyForDeploymentPostprocessing = 0;
		};
		19DF313429BA53E700301B98 /* Sources */ = {
			isa = PBXSourcesBuildPhase;
			buildActionMask = 2147483647;
			files = (
				19DF314B29BA54F300301B98 /* MockAPIService.swift in Sources */,
				19DF314129BA53F200301B98 /* NetworkUnitTests.swift in Sources */,
				19DF314929BA54DD00301B98 /* JSONMapper.swift in Sources */,
				19DF314529BA540B00301B98 /* FavoriteUnitTest.swift in Sources */,
				19DF314D29BA551600301B98 /* MockProtocol.swift in Sources */,
				19DF315129BA974B00301B98 /* APIError.swift in Sources */,
			);
			runOnlyForDeploymentPostprocessing = 0;
		};
/* End PBXSourcesBuildPhase section */

/* Begin PBXTargetDependency section */
		19DF313D29BA53E700301B98 /* PBXTargetDependency */ = {
			isa = PBXTargetDependency;
			target = 19DF30D429BA46FE00301B98 /* YumBook */;
			targetProxy = 19DF313C29BA53E700301B98 /* PBXContainerItemProxy */;
		};
/* End PBXTargetDependency section */

/* Begin XCBuildConfiguration section */
		19DF30E129BA470000301B98 /* Debug */ = {
			isa = XCBuildConfiguration;
			buildSettings = {
				ALWAYS_SEARCH_USER_PATHS = NO;
				CLANG_ANALYZER_NONNULL = YES;
				CLANG_ANALYZER_NUMBER_OBJECT_CONVERSION = YES_AGGRESSIVE;
				CLANG_CXX_LANGUAGE_STANDARD = "gnu++20";
				CLANG_ENABLE_MODULES = YES;
				CLANG_ENABLE_OBJC_ARC = YES;
				CLANG_ENABLE_OBJC_WEAK = YES;
				CLANG_WARN_BLOCK_CAPTURE_AUTORELEASING = YES;
				CLANG_WARN_BOOL_CONVERSION = YES;
				CLANG_WARN_COMMA = YES;
				CLANG_WARN_CONSTANT_CONVERSION = YES;
				CLANG_WARN_DEPRECATED_OBJC_IMPLEMENTATIONS = YES;
				CLANG_WARN_DIRECT_OBJC_ISA_USAGE = YES_ERROR;
				CLANG_WARN_DOCUMENTATION_COMMENTS = YES;
				CLANG_WARN_EMPTY_BODY = YES;
				CLANG_WARN_ENUM_CONVERSION = YES;
				CLANG_WARN_INFINITE_RECURSION = YES;
				CLANG_WARN_INT_CONVERSION = YES;
				CLANG_WARN_NON_LITERAL_NULL_CONVERSION = YES;
				CLANG_WARN_OBJC_IMPLICIT_RETAIN_SELF = YES;
				CLANG_WARN_OBJC_LITERAL_CONVERSION = YES;
				CLANG_WARN_OBJC_ROOT_CLASS = YES_ERROR;
				CLANG_WARN_QUOTED_INCLUDE_IN_FRAMEWORK_HEADER = YES;
				CLANG_WARN_RANGE_LOOP_ANALYSIS = YES;
				CLANG_WARN_STRICT_PROTOTYPES = YES;
				CLANG_WARN_SUSPICIOUS_MOVE = YES;
				CLANG_WARN_UNGUARDED_AVAILABILITY = YES_AGGRESSIVE;
				CLANG_WARN_UNREACHABLE_CODE = YES;
				CLANG_WARN__DUPLICATE_METHOD_MATCH = YES;
				COPY_PHASE_STRIP = NO;
				DEBUG_INFORMATION_FORMAT = dwarf;
				ENABLE_STRICT_OBJC_MSGSEND = YES;
				ENABLE_TESTABILITY = YES;
				GCC_C_LANGUAGE_STANDARD = gnu11;
				GCC_DYNAMIC_NO_PIC = NO;
				GCC_NO_COMMON_BLOCKS = YES;
				GCC_OPTIMIZATION_LEVEL = 0;
				GCC_PREPROCESSOR_DEFINITIONS = (
					"DEBUG=1",
					"$(inherited)",
				);
				GCC_WARN_64_TO_32_BIT_CONVERSION = YES;
				GCC_WARN_ABOUT_RETURN_TYPE = YES_ERROR;
				GCC_WARN_UNDECLARED_SELECTOR = YES;
				GCC_WARN_UNINITIALIZED_AUTOS = YES_AGGRESSIVE;
				GCC_WARN_UNUSED_FUNCTION = YES;
				GCC_WARN_UNUSED_VARIABLE = YES;
				IPHONEOS_DEPLOYMENT_TARGET = 16.2;
				MTL_ENABLE_DEBUG_INFO = INCLUDE_SOURCE;
				MTL_FAST_MATH = YES;
				ONLY_ACTIVE_ARCH = YES;
				SDKROOT = iphoneos;
				SWIFT_ACTIVE_COMPILATION_CONDITIONS = DEBUG;
				SWIFT_OPTIMIZATION_LEVEL = "-Onone";
			};
			name = Debug;
		};
		19DF30E229BA470000301B98 /* Release */ = {
			isa = XCBuildConfiguration;
			buildSettings = {
				ALWAYS_SEARCH_USER_PATHS = NO;
				CLANG_ANALYZER_NONNULL = YES;
				CLANG_ANALYZER_NUMBER_OBJECT_CONVERSION = YES_AGGRESSIVE;
				CLANG_CXX_LANGUAGE_STANDARD = "gnu++20";
				CLANG_ENABLE_MODULES = YES;
				CLANG_ENABLE_OBJC_ARC = YES;
				CLANG_ENABLE_OBJC_WEAK = YES;
				CLANG_WARN_BLOCK_CAPTURE_AUTORELEASING = YES;
				CLANG_WARN_BOOL_CONVERSION = YES;
				CLANG_WARN_COMMA = YES;
				CLANG_WARN_CONSTANT_CONVERSION = YES;
				CLANG_WARN_DEPRECATED_OBJC_IMPLEMENTATIONS = YES;
				CLANG_WARN_DIRECT_OBJC_ISA_USAGE = YES_ERROR;
				CLANG_WARN_DOCUMENTATION_COMMENTS = YES;
				CLANG_WARN_EMPTY_BODY = YES;
				CLANG_WARN_ENUM_CONVERSION = YES;
				CLANG_WARN_INFINITE_RECURSION = YES;
				CLANG_WARN_INT_CONVERSION = YES;
				CLANG_WARN_NON_LITERAL_NULL_CONVERSION = YES;
				CLANG_WARN_OBJC_IMPLICIT_RETAIN_SELF = YES;
				CLANG_WARN_OBJC_LITERAL_CONVERSION = YES;
				CLANG_WARN_OBJC_ROOT_CLASS = YES_ERROR;
				CLANG_WARN_QUOTED_INCLUDE_IN_FRAMEWORK_HEADER = YES;
				CLANG_WARN_RANGE_LOOP_ANALYSIS = YES;
				CLANG_WARN_STRICT_PROTOTYPES = YES;
				CLANG_WARN_SUSPICIOUS_MOVE = YES;
				CLANG_WARN_UNGUARDED_AVAILABILITY = YES_AGGRESSIVE;
				CLANG_WARN_UNREACHABLE_CODE = YES;
				CLANG_WARN__DUPLICATE_METHOD_MATCH = YES;
				COPY_PHASE_STRIP = NO;
				DEBUG_INFORMATION_FORMAT = "dwarf-with-dsym";
				ENABLE_NS_ASSERTIONS = NO;
				ENABLE_STRICT_OBJC_MSGSEND = YES;
				GCC_C_LANGUAGE_STANDARD = gnu11;
				GCC_NO_COMMON_BLOCKS = YES;
				GCC_WARN_64_TO_32_BIT_CONVERSION = YES;
				GCC_WARN_ABOUT_RETURN_TYPE = YES_ERROR;
				GCC_WARN_UNDECLARED_SELECTOR = YES;
				GCC_WARN_UNINITIALIZED_AUTOS = YES_AGGRESSIVE;
				GCC_WARN_UNUSED_FUNCTION = YES;
				GCC_WARN_UNUSED_VARIABLE = YES;
				IPHONEOS_DEPLOYMENT_TARGET = 16.2;
				MTL_ENABLE_DEBUG_INFO = NO;
				MTL_FAST_MATH = YES;
				SDKROOT = iphoneos;
				SWIFT_COMPILATION_MODE = wholemodule;
				SWIFT_OPTIMIZATION_LEVEL = "-O";
				VALIDATE_PRODUCT = YES;
			};
			name = Release;
		};
		19DF30E429BA470000301B98 /* Debug */ = {
			isa = XCBuildConfiguration;
			buildSettings = {
				ASSETCATALOG_COMPILER_APPICON_NAME = AppIcon;
				ASSETCATALOG_COMPILER_GLOBAL_ACCENT_COLOR_NAME = AccentColor;
				CODE_SIGN_IDENTITY = "Apple Development";
				CODE_SIGN_STYLE = Automatic;
				CURRENT_PROJECT_VERSION = 1;
				DEVELOPMENT_ASSET_PATHS = "\"YumBook/Preview Content\"";
				DEVELOPMENT_TEAM = Q75836UFYY;
				ENABLE_PREVIEWS = YES;
				GENERATE_INFOPLIST_FILE = YES;
				INFOPLIST_FILE = YumBook/Info.plist;
				INFOPLIST_KEY_UIApplicationSceneManifest_Generation = YES;
				INFOPLIST_KEY_UIApplicationSupportsIndirectInputEvents = YES;
				INFOPLIST_KEY_UILaunchScreen_Generation = YES;
				INFOPLIST_KEY_UISupportedInterfaceOrientations = "UIInterfaceOrientationLandscapeLeft UIInterfaceOrientationLandscapeRight UIInterfaceOrientationPortrait UIInterfaceOrientationPortraitUpsideDown";
				LD_RUNPATH_SEARCH_PATHS = (
					"$(inherited)",
					"@executable_path/Frameworks",
				);
				MARKETING_VERSION = 1.0;
				PRODUCT_BUNDLE_IDENTIFIER = com.digital.barakah.yumbook;
				PRODUCT_NAME = "$(TARGET_NAME)";
				PROVISIONING_PROFILE_SPECIFIER = "";
				SWIFT_EMIT_LOC_STRINGS = YES;
				SWIFT_VERSION = 5.0;
				TARGETED_DEVICE_FAMILY = "1,2";
			};
			name = Debug;
		};
		19DF30E529BA470000301B98 /* Release */ = {
			isa = XCBuildConfiguration;
			buildSettings = {
				ASSETCATALOG_COMPILER_APPICON_NAME = AppIcon;
				ASSETCATALOG_COMPILER_GLOBAL_ACCENT_COLOR_NAME = AccentColor;
				CODE_SIGN_IDENTITY = "Apple Development";
				CODE_SIGN_STYLE = Automatic;
				CURRENT_PROJECT_VERSION = 1;
				DEVELOPMENT_ASSET_PATHS = "\"YumBook/Preview Content\"";
				DEVELOPMENT_TEAM = Q75836UFYY;
				ENABLE_PREVIEWS = YES;
				GENERATE_INFOPLIST_FILE = YES;
				INFOPLIST_FILE = YumBook/Info.plist;
				INFOPLIST_KEY_UIApplicationSceneManifest_Generation = YES;
				INFOPLIST_KEY_UIApplicationSupportsIndirectInputEvents = YES;
				INFOPLIST_KEY_UILaunchScreen_Generation = YES;
				INFOPLIST_KEY_UISupportedInterfaceOrientations = "UIInterfaceOrientationLandscapeLeft UIInterfaceOrientationLandscapeRight UIInterfaceOrientationPortrait UIInterfaceOrientationPortraitUpsideDown";
				LD_RUNPATH_SEARCH_PATHS = (
					"$(inherited)",
					"@executable_path/Frameworks",
				);
				MARKETING_VERSION = 1.0;
				PRODUCT_BUNDLE_IDENTIFIER = com.digital.barakah.yumbook;
				PRODUCT_NAME = "$(TARGET_NAME)";
				PROVISIONING_PROFILE_SPECIFIER = "";
				SWIFT_EMIT_LOC_STRINGS = YES;
				SWIFT_VERSION = 5.0;
				TARGETED_DEVICE_FAMILY = "1,2";
			};
			name = Release;
		};
		19DF313F29BA53E700301B98 /* Debug */ = {
			isa = XCBuildConfiguration;
			buildSettings = {
				BUNDLE_LOADER = "$(TEST_HOST)";
				CODE_SIGN_STYLE = Automatic;
				CURRENT_PROJECT_VERSION = 1;
				DEVELOPMENT_TEAM = QQ68G99VDN;
				GENERATE_INFOPLIST_FILE = YES;
				MARKETING_VERSION = 1.0;
				PRODUCT_BUNDLE_IDENTIFIER = jameelFetch.YumBookTests;
				PRODUCT_NAME = "$(TARGET_NAME)";
				SWIFT_EMIT_LOC_STRINGS = NO;
				SWIFT_VERSION = 5.0;
				TARGETED_DEVICE_FAMILY = "1,2";
				TEST_HOST = "$(BUILT_PRODUCTS_DIR)/YumBook.app/$(BUNDLE_EXECUTABLE_FOLDER_PATH)/YumBook";
			};
			name = Debug;
		};
		19DF314029BA53E700301B98 /* Release */ = {
			isa = XCBuildConfiguration;
			buildSettings = {
				BUNDLE_LOADER = "$(TEST_HOST)";
				CODE_SIGN_STYLE = Automatic;
				CURRENT_PROJECT_VERSION = 1;
				DEVELOPMENT_TEAM = QQ68G99VDN;
				GENERATE_INFOPLIST_FILE = YES;
				MARKETING_VERSION = 1.0;
				PRODUCT_BUNDLE_IDENTIFIER = jameelFetch.YumBookTests;
				PRODUCT_NAME = "$(TARGET_NAME)";
				SWIFT_EMIT_LOC_STRINGS = NO;
				SWIFT_VERSION = 5.0;
				TARGETED_DEVICE_FAMILY = "1,2";
				TEST_HOST = "$(BUILT_PRODUCTS_DIR)/YumBook.app/$(BUNDLE_EXECUTABLE_FOLDER_PATH)/YumBook";
			};
			name = Release;
		};
/* End XCBuildConfiguration section */

/* Begin XCConfigurationList section */
		19DF30D029BA46FE00301B98 /* Build configuration list for PBXProject "YumBook" */ = {
			isa = XCConfigurationList;
			buildConfigurations = (
				19DF30E129BA470000301B98 /* Debug */,
				19DF30E229BA470000301B98 /* Release */,
			);
			defaultConfigurationIsVisible = 0;
			defaultConfigurationName = Release;
		};
		19DF30E329BA470000301B98 /* Build configuration list for PBXNativeTarget "YumBook" */ = {
			isa = XCConfigurationList;
			buildConfigurations = (
				19DF30E429BA470000301B98 /* Debug */,
				19DF30E529BA470000301B98 /* Release */,
			);
			defaultConfigurationIsVisible = 0;
			defaultConfigurationName = Release;
		};
		19DF313E29BA53E700301B98 /* Build configuration list for PBXNativeTarget "YumBookTests" */ = {
			isa = XCConfigurationList;
			buildConfigurations = (
				19DF313F29BA53E700301B98 /* Debug */,
				19DF314029BA53E700301B98 /* Release */,
			);
			defaultConfigurationIsVisible = 0;
			defaultConfigurationName = Release;
		};
/* End XCConfigurationList section */

/* Begin XCVersionGroup section */
		1963CAD62A04450800BA7BF9 /* Recipe.xcdatamodeld */ = {
			isa = XCVersionGroup;
			children = (
				1963CAD72A04450800BA7BF9 /* Recipe.xcdatamodel */,
			);
			currentVersion = 1963CAD72A04450800BA7BF9 /* Recipe.xcdatamodel */;
			path = Recipe.xcdatamodeld;
			sourceTree = "<group>";
			versionGroupType = wrapper.xcdatamodel;
		};
/* End XCVersionGroup section */
	};
	rootObject = 19DF30CD29BA46FE00301B98 /* Project object */;
}
